
Microsoft Visual Studio Solution File, Format Version 12.00
# Visual Studio Version 17
VisualStudioVersion = 17.8.34330.188
MinimumVisualStudioVersion = 10.0.40219.1
Project("{9A19103F-16F7-4668-BE54-9A1E7A4F7556}") = "Spydersoft.TechRadar.Data.Api", "Spydersoft.TechRadar.Data.Api\Spydersoft.TechRadar.Data.Api.csproj", "{E4EC421D-A118-493F-A872-B79DCF128CD5}"
EndProject
Project("{FAE04EC0-301F-11D3-BF4B-00C04F79EFBC}") = "Spydersoft.TechRadar.Data.Api.Tests", "Spydersoft.TechRadar.Data.Api.Tests\Spydersoft.TechRadar.Data.Api.Tests.csproj", "{D92D3F08-4EE5-4D0F-8570-5375F1F25FAA}"
EndProject
Global
	GlobalSection(SolutionConfigurationPlatforms) = preSolution
		Debug|Any CPU = Debug|Any CPU
		Release|Any CPU = Release|Any CPU
	EndGlobalSection
	GlobalSection(ProjectConfigurationPlatforms) = postSolution
		{E4EC421D-A118-493F-A872-B79DCF128CD5}.Debug|Any CPU.ActiveCfg = Debug|Any CPU
		{E4EC421D-A118-493F-A872-B79DCF128CD5}.Debug|Any CPU.Build.0 = Debug|Any CPU
		{E4EC421D-A118-493F-A872-B79DCF128CD5}.Release|Any CPU.ActiveCfg = Release|Any CPU
		{E4EC421D-A118-493F-A872-B79DCF128CD5}.Release|Any CPU.Build.0 = Release|Any CPU
		{D92D3F08-4EE5-4D0F-8570-5375F1F25FAA}.Debug|Any CPU.ActiveCfg = Debug|Any CPU
		{D92D3F08-4EE5-4D0F-8570-5375F1F25FAA}.Debug|Any CPU.Build.0 = Debug|Any CPU
		{D92D3F08-4EE5-4D0F-8570-5375F1F25FAA}.Release|Any CPU.ActiveCfg = Release|Any CPU
		{D92D3F08-4EE5-4D0F-8570-5375F1F25FAA}.Release|Any CPU.Build.0 = Release|Any CPU
	EndGlobalSection
	GlobalSection(SolutionProperties) = preSolution
		HideSolutionNode = FALSE
	EndGlobalSection
	GlobalSection(ExtensibilityGlobals) = postSolution
		SolutionGuid = {68CEF701-EFFB-476F-ACF7-2CBC0C48BF23}
	EndGlobalSection
EndGlobal
